
Microsoft Visual Studio Solution File, Format Version 12.00
# Visual Studio 15
VisualStudioVersion = 15.0.28307.705
MinimumVisualStudioVersion = 10.0.40219.1
Project("{FAE04EC0-301F-11D3-BF4B-00C04F79EFBC}") = "BulkEmailTool", "BulkEmailTool\BulkEmailTool.csproj", "{73200EF5-DFA3-4E97-83FF-9252889BC9CF}"
EndProject
Global
	GlobalSection(SolutionConfigurationPlatforms) = preSolution
		Debug|Any CPU = Debug|Any CPU
		Release|Any CPU = Release|Any CPU
	EndGlobalSection
	GlobalSection(ProjectConfigurationPlatforms) = postSolution
		{73200EF5-DFA3-4E97-83FF-9252889BC9CF}.Debug|Any CPU.ActiveCfg = Debug|Any CPU
		{73200EF5-DFA3-4E97-83FF-9252889BC9CF}.Debug|Any CPU.Build.0 = Debug|Any CPU
		{73200EF5-DFA3-4E97-83FF-9252889BC9CF}.Release|Any CPU.ActiveCfg = Release|Any CPU
		{73200EF5-DFA3-4E97-83FF-9252889BC9CF}.Release|Any CPU.Build.0 = Release|Any CPU
	EndGlobalSection
	GlobalSection(SolutionProperties) = preSolution
		HideSolutionNode = FALSE
	EndGlobalSection
	GlobalSection(ExtensibilityGlobals) = postSolution
		SolutionGuid = {032E9B25-7318-4691-B67F-B52C8D8BEC1B}
	EndGlobalSection
EndGlobal
